
Microsoft Visual Studio Solution File, Format Version 12.00
# Visual Studio Version 17
VisualStudioVersion = 17.5.33414.496
MinimumVisualStudioVersion = 10.0.40219.1
Project("{9A19103F-16F7-4668-BE54-9A1E7A4F7556}") = "MartianNavigator", "MartianNavigator\MartianNavigator.csproj", "{24F2B9D6-C241-4E9B-8842-179C0ED3A7A8}"
EndProject
Project("{FAE04EC0-301F-11D3-BF4B-00C04F79EFBC}") = "MartianNavigator.Tests", "MartianNavigator.Tests\MartianNavigator.Tests.csproj", "{FF758961-C782-4797-ABAF-39A605F24D11}"
EndProject
Global
	GlobalSection(SolutionConfigurationPlatforms) = preSolution
		Debug|Any CPU = Debug|Any CPU
		Release|Any CPU = Release|Any CPU
	EndGlobalSection
	GlobalSection(ProjectConfigurationPlatforms) = postSolution
		{24F2B9D6-C241-4E9B-8842-179C0ED3A7A8}.Debug|Any CPU.ActiveCfg = Debug|Any CPU
		{24F2B9D6-C241-4E9B-8842-179C0ED3A7A8}.Debug|Any CPU.Build.0 = Debug|Any CPU
		{24F2B9D6-C241-4E9B-8842-179C0ED3A7A8}.Release|Any CPU.ActiveCfg = Release|Any CPU
		{24F2B9D6-C241-4E9B-8842-179C0ED3A7A8}.Release|Any CPU.Build.0 = Release|Any CPU
		{FF758961-C782-4797-ABAF-39A605F24D11}.Debug|Any CPU.ActiveCfg = Debug|Any CPU
		{FF758961-C782-4797-ABAF-39A605F24D11}.Debug|Any CPU.Build.0 = Debug|Any CPU
		{FF758961-C782-4797-ABAF-39A605F24D11}.Release|Any CPU.ActiveCfg = Release|Any CPU
		{FF758961-C782-4797-ABAF-39A605F24D11}.Release|Any CPU.Build.0 = Release|Any CPU
	EndGlobalSection
	GlobalSection(SolutionProperties) = preSolution
		HideSolutionNode = FALSE
	EndGlobalSection
	GlobalSection(ExtensibilityGlobals) = postSolution
		SolutionGuid = {0D6B343E-030F-4929-92EA-A87EC30635B5}
	EndGlobalSection
EndGlobal
